
Microsoft Visual Studio Solution File, Format Version 12.00
# Visual Studio Version 17
VisualStudioVersion = 17.0.32014.148
MinimumVisualStudioVersion = 10.0.40219.1
Project("{FAE04EC0-301F-11D3-BF4B-00C04F79EFBC}") = "WPFtest", "WPFtest\WPFtest.csproj", "{1EBBB1A9-673A-4992-BB2D-EFB0CD231E0E}"
EndProject
Project("{FAE04EC0-301F-11D3-BF4B-00C04F79EFBC}") = "LogIn", "LogIn\LogIn.csproj", "{74ACC3FE-372C-43CB-B20A-C1333E63E624}"
EndProject
Global
	GlobalSection(SolutionConfigurationPlatforms) = preSolution
		Debug|Any CPU = Debug|Any CPU
		Release|Any CPU = Release|Any CPU
	EndGlobalSection
	GlobalSection(ProjectConfigurationPlatforms) = postSolution
		{1EBBB1A9-673A-4992-BB2D-EFB0CD231E0E}.Debug|Any CPU.ActiveCfg = Debug|Any CPU
		{1EBBB1A9-673A-4992-BB2D-EFB0CD231E0E}.Debug|Any CPU.Build.0 = Debug|Any CPU
		{1EBBB1A9-673A-4992-BB2D-EFB0CD231E0E}.Release|Any CPU.ActiveCfg = Release|Any CPU
		{1EBBB1A9-673A-4992-BB2D-EFB0CD231E0E}.Release|Any CPU.Build.0 = Release|Any CPU
		{74ACC3FE-372C-43CB-B20A-C1333E63E624}.Debug|Any CPU.ActiveCfg = Debug|Any CPU
		{74ACC3FE-372C-43CB-B20A-C1333E63E624}.Debug|Any CPU.Build.0 = Debug|Any CPU
		{74ACC3FE-372C-43CB-B20A-C1333E63E624}.Release|Any CPU.ActiveCfg = Release|Any CPU
		{74ACC3FE-372C-43CB-B20A-C1333E63E624}.Release|Any CPU.Build.0 = Release|Any CPU
	EndGlobalSection
	GlobalSection(SolutionProperties) = preSolution
		HideSolutionNode = FALSE
	EndGlobalSection
	GlobalSection(ExtensibilityGlobals) = postSolution
		SolutionGuid = {CED15EE7-C9D5-4FCC-9A48-E08849E4EDA9}
	EndGlobalSection
EndGlobal
